{
	"name": "@srmwc/menu",
	"version": "6.1.4",
	"lockfileVersion": 1,
	"requires": true,
	"dependencies": {
		"@material/animation": {
			"version": "10.0.0",
			"resolved": "https://registry.npmjs.org/@material/animation/-/animation-10.0.0.tgz",
			"integrity": "sha512-5e8e+W+n105rfSTRI5Mfmh9VMqzNG8+OhxjfDr7k0lYCfjbkT8LsAInonC5EotJzcaxD0vtDUqRqdW8xKIXNWg==",
			"requires": {
				"tslib": "^1.9.3"
			},
			"dependencies": {
				"tslib": {
					"version": "1.14.1",
					"resolved": "https://registry.npmjs.org/tslib/-/tslib-1.14.1.tgz",
					"integrity": "sha512-Xni35NKzjgMrwevysHTCArtLDpPvye8zV/0E4EyYn43P7/7qvQwPh9BGkHewbMulVntbigmcT7rdX3BNo9wRJg=="
				}
			}
		},
		"@material/base": {
			"version": "10.0.0",
			"resolved": "https://registry.npmjs.org/@material/base/-/base-10.0.0.tgz",
			"integrity": "sha512-PQWNSsNYVvMcWKsRFHgs5JjsHuv6cTogdlp9uhx5ChdLNCkflpXlMKJ7aYfcl56fdLntWQbxXowLh1JAfrTrmg==",
			"requires": {
				"tslib": "^1.9.3"
			},
			"dependencies": {
				"tslib": {
					"version": "1.14.1",
					"resolved": "https://registry.npmjs.org/tslib/-/tslib-1.14.1.tgz",
					"integrity": "sha512-Xni35NKzjgMrwevysHTCArtLDpPvye8zV/0E4EyYn43P7/7qvQwPh9BGkHewbMulVntbigmcT7rdX3BNo9wRJg=="
				}
			}
		},
		"@material/density": {
			"version": "10.0.0",
			"resolved": "https://registry.npmjs.org/@material/density/-/density-10.0.0.tgz",
			"integrity": "sha512-nLf8N5e6tEYo+W762z3coTDl2b1FFKJv/uU+E5UsBYOL0ftXrOMtiYSwg9MJjfWtdG+uUBfb3VLcBvIl2x3C0w=="
		},
		"@material/elevation": {
			"version": "10.0.0",
			"resolved": "https://registry.npmjs.org/@material/elevation/-/elevation-10.0.0.tgz",
			"integrity": "sha512-D/CeTIkRmV9iLJDzUnKSt2FTM7SLv3ixQjindNaAEAaCdsaoUfx6Q2dRAlqQOL0y6yeTvvpxK9IFwu411J3xXw==",
			"requires": {
				"@material/animation": "^10.0.0",
				"@material/base": "^10.0.0",
				"@material/feature-targeting": "^10.0.0",
				"@material/theme": "^10.0.0"
			}
		},
		"@material/feature-targeting": {
			"version": "10.0.0",
			"resolved": "https://registry.npmjs.org/@material/feature-targeting/-/feature-targeting-10.0.0.tgz",
			"integrity": "sha512-Pn48jeeD2ScMq0NoR0k9SeC3UFOOTarKNIYxL+TkFRLGks/TgFoSIDRwXCzva/9umw9/Q2xOWrY/Gqs1zBIgOA=="
		},
		"@material/list": {
			"version": "10.0.0",
			"resolved": "https://registry.npmjs.org/@material/list/-/list-10.0.0.tgz",
			"integrity": "sha512-LYNntZbyu4ByJphtg3sGxYiwGdt+Lr2jZZLaOk4Xr8v98xDEW96yjB7CjSGh7HI//snJ9PN0QmEfTJ9kavswLw==",
			"requires": {
				"@material/base": "^10.0.0",
				"@material/density": "^10.0.0",
				"@material/dom": "^10.0.0",
				"@material/feature-targeting": "^10.0.0",
				"@material/ripple": "^10.0.0",
				"@material/rtl": "^10.0.0",
				"@material/shape": "^10.0.0",
				"@material/theme": "^10.0.0",
				"@material/typography": "^10.0.0",
				"tslib": "^1.9.3"
			},
			"dependencies": {
				"@material/dom": {
					"version": "10.0.0",
					"resolved": "https://registry.npmjs.org/@material/dom/-/dom-10.0.0.tgz",
					"integrity": "sha512-rimaFIRsbacSjnk/1IqQZLOjoIWYhmuR6AZR35nkeAYg0H3DmLuNTGyAgsMaC8O/1vBcAp+c4N9WASkITCOE5A==",
					"requires": {
						"@material/feature-targeting": "^10.0.0",
						"tslib": "^1.9.3"
					}
				},
				"tslib": {
					"version": "1.14.1",
					"resolved": "https://registry.npmjs.org/tslib/-/tslib-1.14.1.tgz",
					"integrity": "sha512-Xni35NKzjgMrwevysHTCArtLDpPvye8zV/0E4EyYn43P7/7qvQwPh9BGkHewbMulVntbigmcT7rdX3BNo9wRJg=="
				}
			}
		},
		"@material/menu": {
			"version": "10.0.0",
			"resolved": "https://registry.npmjs.org/@material/menu/-/menu-10.0.0.tgz",
			"integrity": "sha512-UvutTmhENZc7j1XO14bL/jj0CFQV//8FiQT8hqnZ2/bisX4dyVkwJcs/iSj7ZumQ9KSqn62XMP+DiOothz55Ew==",
			"requires": {
				"@material/base": "^10.0.0",
				"@material/dom": "^10.0.0",
				"@material/elevation": "^10.0.0",
				"@material/feature-targeting": "^10.0.0",
				"@material/list": "^10.0.0",
				"@material/menu-surface": "^10.0.0",
				"@material/ripple": "^10.0.0",
				"@material/rtl": "^10.0.0",
				"@material/theme": "^10.0.0",
				"tslib": "^1.9.3"
			},
			"dependencies": {
				"@material/dom": {
					"version": "10.0.0",
					"resolved": "https://registry.npmjs.org/@material/dom/-/dom-10.0.0.tgz",
					"integrity": "sha512-rimaFIRsbacSjnk/1IqQZLOjoIWYhmuR6AZR35nkeAYg0H3DmLuNTGyAgsMaC8O/1vBcAp+c4N9WASkITCOE5A==",
					"requires": {
						"@material/feature-targeting": "^10.0.0",
						"tslib": "^1.9.3"
					}
				},
				"@material/menu-surface": {
					"version": "10.0.0",
					"resolved": "https://registry.npmjs.org/@material/menu-surface/-/menu-surface-10.0.0.tgz",
					"integrity": "sha512-YH/FYlUSmKZoEDtPA+EpV+WQy9caLsa3O+K9MnVq5hpUcg/ezKUa8hP59de+3ubP5Vex60OyVtRs9A/btb64PA==",
					"requires": {
						"@material/animation": "^10.0.0",
						"@material/base": "^10.0.0",
						"@material/elevation": "^10.0.0",
						"@material/feature-targeting": "^10.0.0",
						"@material/rtl": "^10.0.0",
						"@material/shape": "^10.0.0",
						"@material/theme": "^10.0.0",
						"tslib": "^1.9.3"
					}
				},
				"tslib": {
					"version": "1.14.1",
					"resolved": "https://registry.npmjs.org/tslib/-/tslib-1.14.1.tgz",
					"integrity": "sha512-Xni35NKzjgMrwevysHTCArtLDpPvye8zV/0E4EyYn43P7/7qvQwPh9BGkHewbMulVntbigmcT7rdX3BNo9wRJg=="
				}
			}
		},
		"@material/menu-surface": {
			"version": "5.1.0",
			"resolved": "https://registry.npmjs.org/@material/menu-surface/-/menu-surface-5.1.0.tgz",
			"integrity": "sha512-8EqkrKP92O4xaPVItz2841OfmuH3zyCclU1iC0NSBa39MwmYt7ML3IEaOXwOzKlcNGOcC7qPeqcpYlUsfMYX3g==",
			"requires": {
				"@material/animation": "^5.1.0",
				"@material/base": "^5.1.0",
				"@material/elevation": "^5.1.0",
				"@material/feature-targeting": "^5.1.0",
				"@material/rtl": "^5.1.0",
				"@material/shape": "^5.1.0",
				"@material/theme": "^5.1.0",
				"tslib": "^1.9.3"
			},
			"dependencies": {
				"@material/animation": {
					"version": "5.1.0",
					"resolved": "https://registry.npmjs.org/@material/animation/-/animation-5.1.0.tgz",
					"integrity": "sha512-qZuPCZkTsCQCzx5EtY2eNBcmYOMGMbFVq6VTmvQztDCYDykT8JfP8Hpk55Y5bGORHvBbIasUXzoAhfQs6w/Bdg==",
					"requires": {
						"tslib": "^1.9.3"
					}
				},
				"@material/base": {
					"version": "5.1.0",
					"resolved": "https://registry.npmjs.org/@material/base/-/base-5.1.0.tgz",
					"integrity": "sha512-UxVFKpSNaoKqd7hHxy9hrvwANp0WJy/BZqu8Rj/aRvKnBZnuHehFuOysI9WqdeTqgveJaQoj6EEkVEqLurR5Sg==",
					"requires": {
						"tslib": "^1.9.3"
					}
				},
				"@material/elevation": {
					"version": "5.1.0",
					"resolved": "https://registry.npmjs.org/@material/elevation/-/elevation-5.1.0.tgz",
					"integrity": "sha512-NsWIT+L6x3BLouCOh3H8x885/nCrNNmzCwHEodz/0PcYQsxx9RiIVFkagmJWw/w//jej/D4NotD0xHGKOWTrFA==",
					"requires": {
						"@material/animation": "^5.1.0",
						"@material/base": "^5.1.0",
						"@material/feature-targeting": "^5.1.0",
						"@material/theme": "^5.1.0"
					}
				},
				"@material/feature-targeting": {
					"version": "5.1.0",
					"resolved": "https://registry.npmjs.org/@material/feature-targeting/-/feature-targeting-5.1.0.tgz",
					"integrity": "sha512-z3JNWF7lP9WOzw1xBwul/HAOu4qC6EpK/8MkhjLNI9APvdYML82PWS1V0k0MiqA6Jk6uxm8DiVAk9VUqBa9/YA=="
				},
				"@material/rtl": {
					"version": "5.1.0",
					"resolved": "https://registry.npmjs.org/@material/rtl/-/rtl-5.1.0.tgz",
					"integrity": "sha512-Hij4KJIfjK63HArdQ3K1INMo0MbigDgL0JhjO1VDk5c+iYmYpjDI7wgPLmV5ISCBtenXRWpo1xbBO3uEmtCd4Q=="
				},
				"@material/shape": {
					"version": "5.1.0",
					"resolved": "https://registry.npmjs.org/@material/shape/-/shape-5.1.0.tgz",
					"integrity": "sha512-/k27T9fhQ1zj7VCsS26nv0TzsOi142ncik2mycEXq8753PDBotob7Y19pbwivwt9QxkglhMGH0EaWdZPzBoQXw==",
					"requires": {
						"@material/feature-targeting": "^5.1.0",
						"@material/rtl": "^5.1.0"
					}
				},
				"@material/theme": {
					"version": "5.1.0",
					"resolved": "https://registry.npmjs.org/@material/theme/-/theme-5.1.0.tgz",
					"integrity": "sha512-VoaCYAubn/oEG1/fu/yP4nxAw8sLEphFOGGBJxcPGQoLgQ9qcvibsV3G5H9S6AtmhJxgSGU0JnO9TaiuhQq5zA==",
					"requires": {
						"@material/feature-targeting": "^5.1.0"
					}
				},
				"tslib": {
					"version": "1.14.1",
					"resolved": "https://registry.npmjs.org/tslib/-/tslib-1.14.1.tgz",
					"integrity": "sha512-Xni35NKzjgMrwevysHTCArtLDpPvye8zV/0E4EyYn43P7/7qvQwPh9BGkHewbMulVntbigmcT7rdX3BNo9wRJg=="
				}
			}
		},
		"@material/ripple": {
			"version": "10.0.0",
			"resolved": "https://registry.npmjs.org/@material/ripple/-/ripple-10.0.0.tgz",
			"integrity": "sha512-KZPJ6YvLFJKkulUemKFq/Y3h9/Pbta+zOjBN1ZoeiP5++5thfsMJuL+L2bWa4GqUjSj66xW75LQrxX/ammCYzw==",
			"requires": {
				"@material/animation": "^10.0.0",
				"@material/base": "^10.0.0",
				"@material/dom": "^10.0.0",
				"@material/feature-targeting": "^10.0.0",
				"@material/theme": "^10.0.0",
				"tslib": "^1.9.3"
			},
			"dependencies": {
				"@material/dom": {
					"version": "10.0.0",
					"resolved": "https://registry.npmjs.org/@material/dom/-/dom-10.0.0.tgz",
					"integrity": "sha512-rimaFIRsbacSjnk/1IqQZLOjoIWYhmuR6AZR35nkeAYg0H3DmLuNTGyAgsMaC8O/1vBcAp+c4N9WASkITCOE5A==",
					"requires": {
						"@material/feature-targeting": "^10.0.0",
						"tslib": "^1.9.3"
					}
				},
				"tslib": {
					"version": "1.14.1",
					"resolved": "https://registry.npmjs.org/tslib/-/tslib-1.14.1.tgz",
					"integrity": "sha512-Xni35NKzjgMrwevysHTCArtLDpPvye8zV/0E4EyYn43P7/7qvQwPh9BGkHewbMulVntbigmcT7rdX3BNo9wRJg=="
				}
			}
		},
		"@material/rtl": {
			"version": "10.0.0",
			"resolved": "https://registry.npmjs.org/@material/rtl/-/rtl-10.0.0.tgz",
			"integrity": "sha512-887Dq0JrlRx5uwQ2Ku4Gig0e7iMIdKAAvvk/Wnglo9jFUvJE94rgSyyDLbwsN4vo1s33PwxHK1uWteALkzMQWw==",
			"requires": {
				"@material/theme": "^10.0.0"
			}
		},
		"@material/shape": {
			"version": "10.0.0",
			"resolved": "https://registry.npmjs.org/@material/shape/-/shape-10.0.0.tgz",
			"integrity": "sha512-2zUib2htoZz21ULa9lNd4llGOWlZcGLBKKJdNV6wsyPlqdh6SjEXf3Fz1BrWV6pQVW3fhnhn+oTFLMveV1mMZw==",
			"requires": {
				"@material/feature-targeting": "^10.0.0",
				"@material/rtl": "^10.0.0",
				"@material/theme": "^10.0.0"
			}
		},
		"@material/theme": {
			"version": "10.0.0",
			"resolved": "https://registry.npmjs.org/@material/theme/-/theme-10.0.0.tgz",
			"integrity": "sha512-ll5UFjPR6np4jgTzDQO85VQg6FgLM0Vy1MlyJVRr/kn+2adX5hDxiBOnuC9fTeVhIBBPjbAMOFPa6VhNmAmkvg==",
			"requires": {
				"@material/feature-targeting": "^10.0.0"
			}
		},
		"@material/typography": {
			"version": "10.0.0",
			"resolved": "https://registry.npmjs.org/@material/typography/-/typography-10.0.0.tgz",
			"integrity": "sha512-RtFfL/mfOOkliL/iXY1YPrx8Rw1LZWQC4Jpn2zs04xM+AhhDOcD4Hek5xcvWFjhzEmPUz7yhCTWsMOmVtsXzig==",
			"requires": {
				"@material/feature-targeting": "^10.0.0",
				"@material/theme": "^10.0.0"
			}
		}
	}
}
